lockfileVersion: 5.4

specifiers:
  '@monaco-editor/react': ^4.4.5
  '@types/react': ^18.0.17
  '@types/react-dom': ^18.0.6
  esbuild: ^0.15.5
  monaco-editor: ^0.34.0
  react: ^18.2.0
  react-dom: ^18.2.0
  typescript: ^4.7.4

dependencies:
  '@monaco-editor/react': 4.4.5_7payg3yaajmz2lehtpasnhysrm
  monaco-editor: 0.34.0
  react: 18.2.0
  react-dom: 18.2.0_react@18.2.0

devDependencies:
  '@types/react': 18.0.17
  '@types/react-dom': 18.0.6
  esbuild: 0.15.5
  typescript: 4.7.4

packages:

  /@esbuild/linux-loong64/0.15.5:
    resolution: {integrity: sha512-UHkDFCfSGTuXq08oQltXxSZmH1TXyWsL+4QhZDWvvLl6mEJQqk3u7/wq1LjhrrAXYIllaTtRSzUXl4Olkf2J8A==}
    engines: {node: '>=12'}
    cpu: [loong64]
    os: [linux]
    requiresBuild: true
    dev: true
    optional: true

  /@monaco-editor/loader/1.3.2_monaco-editor@0.34.0:
    resolution: {integrity: sha512-BTDbpHl3e47r3AAtpfVFTlAi7WXv4UQ/xZmz8atKl4q7epQV5e7+JbigFDViWF71VBi4IIBdcWP57Hj+OWuc9g==}
    peerDependencies:
      monaco-editor: '>= 0.21.0 < 1'
    dependencies:
      monaco-editor: 0.34.0
      state-local: 1.0.7
    dev: false

  /@monaco-editor/react/4.4.5_7payg3yaajmz2lehtpasnhysrm:
    resolution: {integrity: sha512-IImtzU7sRc66OOaQVCG+5PFHkSWnnhrUWGBuH6zNmH2h0YgmAhcjHZQc/6MY9JWEbUtVF1WPBMJ9u1XuFbRrVA==}
    peerDependencies:
      monaco-editor: '>= 0.25.0 < 1'
      react: ^16.8.0 || ^17.0.0 || ^18.0.0
      react-dom: ^16.8.0 || ^17.0.0 || ^18.0.0
    dependencies:
      '@monaco-editor/loader': 1.3.2_monaco-editor@0.34.0
      monaco-editor: 0.34.0
      prop-types: 15.8.1
      react: 18.2.0
      react-dom: 18.2.0_react@18.2.0
    dev: false

  /@types/prop-types/15.7.5:
    resolution: {integrity: sha512-JCB8C6SnDoQf0cNycqd/35A7MjcnK+ZTqE7judS6o7utxUCg6imJg3QK2qzHKszlTjcj2cn+NwMB2i96ubpj7w==}
    dev: true

  /@types/react-dom/18.0.6:
    resolution: {integrity: sha512-/5OFZgfIPSwy+YuIBP/FgJnQnsxhZhjjrnxudMddeblOouIodEQ75X14Rr4wGSG/bknL+Omy9iWlLo1u/9GzAA==}
    dependencies:
      '@types/react': 18.0.17
    dev: true

  /@types/react/18.0.17:
    resolution: {integrity: sha512-38ETy4tL+rn4uQQi7mB81G7V1g0u2ryquNmsVIOKUAEIDK+3CUjZ6rSRpdvS99dNBnkLFL83qfmtLacGOTIhwQ==}
    dependencies:
      '@types/prop-types': 15.7.5
      '@types/scheduler': 0.16.2
      csstype: 3.1.0
    dev: true

  /@types/scheduler/0.16.2:
    resolution: {integrity: sha512-hppQEBDmlwhFAXKJX2KnWLYu5yMfi91yazPb2l+lbJiwW+wdo1gNeRA+3RgNSO39WYX2euey41KEwnqesU2Jew==}
    dev: true

  /csstype/3.1.0:
    resolution: {integrity: sha512-uX1KG+x9h5hIJsaKR9xHUeUraxf8IODOwq9JLNPq6BwB04a/xgpq3rcx47l5BZu5zBPlgD342tdke3Hom/nJRA==}
    dev: true

  /esbuild-android-64/0.15.5:
    resolution: {integrity: sha512-dYPPkiGNskvZqmIK29OPxolyY3tp+c47+Fsc2WYSOVjEPWNCHNyqhtFqQadcXMJDQt8eN0NMDukbyQgFcHquXg==}
    engines: {node: '>=12'}
    cpu: [x64]
    os: [android]
    requiresBuild: true
    dev: true
    optional: true

  /esbuild-android-arm64/0.15.5:
    resolution: {integrity: sha512-YyEkaQl08ze3cBzI/4Cm1S+rVh8HMOpCdq8B78JLbNFHhzi4NixVN93xDrHZLztlocEYqi45rHHCgA8kZFidFg==}
    engines: {node: '>=12'}
    cpu: [arm64]
    os: [android]
    requiresBuild: true
    dev: true
    optional: true

  /esbuild-darwin-64/0.15.5:
    resolution: {integrity: sha512-Cr0iIqnWKx3ZTvDUAzG0H/u9dWjLE4c2gTtRLz4pqOBGjfjqdcZSfAObFzKTInLLSmD0ZV1I/mshhPoYSBMMCQ==}
    engines: {node: '>=12'}
    cpu: [x64]
    os: [darwin]
    requiresBuild: true
    dev: true
    optional: true

  /esbuild-darwin-arm64/0.15.5:
    resolution: {integrity: sha512-WIfQkocGtFrz7vCu44ypY5YmiFXpsxvz2xqwe688jFfSVCnUsCn2qkEVDo7gT8EpsLOz1J/OmqjExePL1dr1Kg==}
    engines: {node: '>=12'}
    cpu: [arm64]
    os: [darwin]
    requiresBuild: true
    dev: true
    optional: true

  /esbuild-freebsd-64/0.15.5:
    resolution: {integrity: sha512-M5/EfzV2RsMd/wqwR18CELcenZ8+fFxQAAEO7TJKDmP3knhWSbD72ILzrXFMMwshlPAS1ShCZ90jsxkm+8FlaA==}
    engines: {node: '>=12'}
    cpu: [x64]
    os: [freebsd]
    requiresBuild: true
    dev: true
    optional: true

  /esbuild-freebsd-arm64/0.15.5:
    resolution: {integrity: sha512-2JQQ5Qs9J0440F/n/aUBNvY6lTo4XP/4lt1TwDfHuo0DY3w5++anw+jTjfouLzbJmFFiwmX7SmUhMnysocx96w==}
    engines: {node: '>=12'}
    cpu: [arm64]
    os: [freebsd]
    requiresBuild: true
    dev: true
    optional: true

  /esbuild-linux-32/0.15.5:
    resolution: {integrity: sha512-gO9vNnIN0FTUGjvTFucIXtBSr1Woymmx/aHQtuU+2OllGU6YFLs99960UD4Dib1kFovVgs59MTXwpFdVoSMZoQ==}
    engines: {node: '>=12'}
    cpu: [ia32]
    os: [linux]
    requiresBuild: true
    dev: true
    optional: true

  /esbuild-linux-64/0.15.5:
    resolution: {integrity: sha512-ne0GFdNLsm4veXbTnYAWjbx3shpNKZJUd6XpNbKNUZaNllDZfYQt0/zRqOg0sc7O8GQ+PjSMv9IpIEULXVTVmg==}
    engines: {node: '>=12'}
    cpu: [x64]
    os: [linux]
    requiresBuild: true
    dev: true
    optional: true

  /esbuild-linux-arm/0.15.5:
    resolution: {integrity: sha512-wvAoHEN+gJ/22gnvhZnS/+2H14HyAxM07m59RSLn3iXrQsdS518jnEWRBnJz3fR6BJa+VUTo0NxYjGaNt7RA7Q==}
    engines: {node: '>=12'}
    cpu: [arm]
    os: [linux]
    requiresBuild: true
    dev: true
    optional: true

  /esbuild-linux-arm64/0.15.5:
    resolution: {integrity: sha512-7EgFyP2zjO065XTfdCxiXVEk+f83RQ1JsryN1X/VSX2li9rnHAt2swRbpoz5Vlrl6qjHrCmq5b6yxD13z6RheA==}
    engines: {node: '>=12'}
    cpu: [arm64]
    os: [linux]
    requiresBuild: true
    dev: true
    optional: true

  /esbuild-linux-mips64le/0.15.5:
    resolution: {integrity: sha512-KdnSkHxWrJ6Y40ABu+ipTZeRhFtc8dowGyFsZY5prsmMSr1ZTG9zQawguN4/tunJ0wy3+kD54GaGwdcpwWAvZQ==}
    engines: {node: '>=12'}
    cpu: [mips64el]
    os: [linux]
    requiresBuild: true
    dev: true
    optional: true

  /esbuild-linux-ppc64le/0.15.5:
    resolution: {integrity: sha512-QdRHGeZ2ykl5P0KRmfGBZIHmqcwIsUKWmmpZTOq573jRWwmpfRmS7xOhmDHBj9pxv+6qRMH8tLr2fe+ZKQvCYw==}
    engines: {node: '>=12'}
    cpu: [ppc64]
    os: [linux]
    requiresBuild: true
    dev: true
    optional: true

  /esbuild-linux-riscv64/0.15.5:
    resolution: {integrity: sha512-p+WE6RX+jNILsf+exR29DwgV6B73khEQV0qWUbzxaycxawZ8NE0wA6HnnTxbiw5f4Gx9sJDUBemh9v49lKOORA==}
    engines: {node: '>=12'}
    cpu: [riscv64]
    os: [linux]
    requiresBuild: true
    dev: true
    optional: true

  /esbuild-linux-s390x/0.15.5:
    resolution: {integrity: sha512-J2ngOB4cNzmqLHh6TYMM/ips8aoZIuzxJnDdWutBw5482jGXiOzsPoEF4j2WJ2mGnm7FBCO4StGcwzOgic70JQ==}
    engines: {node: '>=12'}
    cpu: [s390x]
    os: [linux]
    requiresBuild: true
    dev: true
    optional: true

  /esbuild-netbsd-64/0.15.5:
    resolution: {integrity: sha512-MmKUYGDizYjFia0Rwt8oOgmiFH7zaYlsoQ3tIOfPxOqLssAsEgG0MUdRDm5lliqjiuoog8LyDu9srQk5YwWF3w==}
    engines: {node: '>=12'}
    cpu: [x64]
    os: [netbsd]
    requiresBuild: true
    dev: true
    optional: true

  /esbuild-openbsd-64/0.15.5:
    resolution: {integrity: sha512-2mMFfkLk3oPWfopA9Plj4hyhqHNuGyp5KQyTT9Rc8hFd8wAn5ZrbJg+gNcLMo2yzf8Uiu0RT6G9B15YN9WQyMA==}
    engines: {node: '>=12'}
    cpu: [x64]
    os: [openbsd]
    requiresBuild: true
    dev: true
    optional: true

  /esbuild-sunos-64/0.15.5:
    resolution: {integrity: sha512-2sIzhMUfLNoD+rdmV6AacilCHSxZIoGAU2oT7XmJ0lXcZWnCvCtObvO6D4puxX9YRE97GodciRGDLBaiC6x1SA==}
    engines: {node: '>=12'}
    cpu: [x64]
    os: [sunos]
    requiresBuild: true
    dev: true
    optional: true

  /esbuild-windows-32/0.15.5:
    resolution: {integrity: sha512-e+duNED9UBop7Vnlap6XKedA/53lIi12xv2ebeNS4gFmu7aKyTrok7DPIZyU5w/ftHD4MUDs5PJUkQPP9xJRzg==}
    engines: {node: '>=12'}
    cpu: [ia32]
    os: [win32]
    requiresBuild: true
    dev: true
    optional: true

  /esbuild-windows-64/0.15.5:
    resolution: {integrity: sha512-v+PjvNtSASHOjPDMIai9Yi+aP+Vwox+3WVdg2JB8N9aivJ7lyhp4NVU+J0MV2OkWFPnVO8AE/7xH+72ibUUEnw==}
    engines: {node: '>=12'}
    cpu: [x64]
    os: [win32]
    requiresBuild: true
    dev: true
    optional: true

  /esbuild-windows-arm64/0.15.5:
    resolution: {integrity: sha512-Yz8w/D8CUPYstvVQujByu6mlf48lKmXkq6bkeSZZxTA626efQOJb26aDGLzmFWx6eg/FwrXgt6SZs9V8Pwy/aA==}
    engines: {node: '>=12'}
    cpu: [arm64]
    os: [win32]
    requiresBuild: true
    dev: true
    optional: true

  /esbuild/0.15.5:
    resolution: {integrity: sha512-VSf6S1QVqvxfIsSKb3UKr3VhUCis7wgDbtF4Vd9z84UJr05/Sp2fRKmzC+CSPG/dNAPPJZ0BTBLTT1Fhd6N9Gg==}
    engines: {node: '>=12'}
    hasBin: true
    requiresBuild: true
    optionalDependencies:
      '@esbuild/linux-loong64': 0.15.5
      esbuild-android-64: 0.15.5
      esbuild-android-arm64: 0.15.5
      esbuild-darwin-64: 0.15.5
      esbuild-darwin-arm64: 0.15.5
      esbuild-freebsd-64: 0.15.5
      esbuild-freebsd-arm64: 0.15.5
      esbuild-linux-32: 0.15.5
      esbuild-linux-64: 0.15.5
      esbuild-linux-arm: 0.15.5
      esbuild-linux-arm64: 0.15.5
      esbuild-linux-mips64le: 0.15.5
      esbuild-linux-ppc64le: 0.15.5
      esbuild-linux-riscv64: 0.15.5
      esbuild-linux-s390x: 0.15.5
      esbuild-netbsd-64: 0.15.5
      esbuild-openbsd-64: 0.15.5
      esbuild-sunos-64: 0.15.5
      esbuild-windows-32: 0.15.5
      esbuild-windows-64: 0.15.5
      esbuild-windows-arm64: 0.15.5
    dev: true

  /js-tokens/4.0.0:
    resolution: {integrity: sha512-RdJUflcE3cUzKiMqQgsCu06FPu9UdIJO0beYbPhHN4k6apgJtifcoCtT9bcxOpYBtpD2kCM6Sbzg4CausW/PKQ==}
    dev: false

  /loose-envify/1.4.0:
    resolution: {integrity: sha512-lyuxPGr/Wfhrlem2CL/UcnUc1zcqKAImBDzukY7Y5F/yQiNdko6+fRLevlw1HgMySw7f611UIY408EtxRSoK3Q==}
    hasBin: true
    dependencies:
      js-tokens: 4.0.0
    dev: false

  /monaco-editor/0.34.0:
    resolution: {integrity: sha512-VF+S5zG8wxfinLKLrWcl4WUizMx+LeJrG4PM/M78OhcwocpV0jiyhX/pG6Q9jIOhrb/ckYi6nHnaR5OojlOZCQ==}
    dev: false

  /object-assign/4.1.1:
    resolution: {integrity: sha512-rJgTQnkUnH1sFw8yT6VSU3zD3sWmu6sZhIseY8VX+GRu3P6F7Fu+JNDoXfklElbLJSnc3FUQHVe4cU5hj+BcUg==}
    engines: {node: '>=0.10.0'}
    dev: false

  /prop-types/15.8.1:
    resolution: {integrity: sha512-oj87CgZICdulUohogVAR7AjlC0327U4el4L6eAvOqCeudMDVU0NThNaV+b9Df4dXgSP1gXMTnPdhfe/2qDH5cg==}
    dependencies:
      loose-envify: 1.4.0
      object-assign: 4.1.1
      react-is: 16.13.1
    dev: false

  /react-dom/18.2.0_react@18.2.0:
    resolution: {integrity: sha512-6IMTriUmvsjHUjNtEDudZfuDQUoWXVxKHhlEGSk81n4YFS+r/Kl99wXiwlVXtPBtJenozv2P+hxDsw9eA7Xo6g==}
    peerDependencies:
      react: ^18.2.0
    dependencies:
      loose-envify: 1.4.0
      react: 18.2.0
      scheduler: 0.23.0
    dev: false

  /react-is/16.13.1:
    resolution: {integrity: sha512-24e6ynE2H+OKt4kqsOvNd8kBpV65zoxbA4BVsEOB3ARVWQki/DHzaUoC5KuON/BiccDaCCTZBuOcfZs70kR8bQ==}
    dev: false

  /react/18.2.0:
    resolution: {integrity: sha512-/3IjMdb2L9QbBdWiW5e3P2/npwMBaU9mHCSCUzNln0ZCYbcfTsGbTJrU/kGemdH2IWmB2ioZ+zkxtmq6g09fGQ==}
    engines: {node: '>=0.10.0'}
    dependencies:
      loose-envify: 1.4.0
    dev: false

  /scheduler/0.23.0:
    resolution: {integrity: sha512-CtuThmgHNg7zIZWAXi3AsyIzA3n4xx7aNyjwC2VJldO2LMVDhFK+63xGqq6CsJH4rTAt6/M+N4GhZiDYPx9eUw==}
    dependencies:
      loose-envify: 1.4.0
    dev: false

  /state-local/1.0.7:
    resolution: {integrity: sha512-HTEHMNieakEnoe33shBYcZ7NX83ACUjCu8c40iOGEZsngj9zRnkqS9j1pqQPXwobB0ZcVTk27REb7COQ0UR59w==}
    dev: false

  /typescript/4.7.4:
    resolution: {integrity: sha512-C0WQT0gezHuw6AdY1M2jxUO83Rjf0HP7Sk1DtXj6j1EwkQNZrHAg2XPWlq62oqEhYvONq5pkC2Y9oPljWToLmQ==}
    engines: {node: '>=4.2.0'}
    hasBin: true
    dev: true
