lockfileVersion: 5.4

specifiers:
  '@monaco-editor/loader': ^1.3.2
  '@types/rstudio-shiny': github:rstudio/shiny#v1.7.0
  dotenv: ^16.0.1
  esbuild: ^0.15.5
  monaco-editor: ^0.34.0
  monaco-textmate: ^3.0.1
  split.js: ^1.6.5
  typescript: ^4.7.4

dependencies:
  '@monaco-editor/loader': 1.3.2_monaco-editor@0.34.0
  '@types/rstudio-shiny': github.com/rstudio/shiny/23e80a7a1ab4a5a7125f8da6add9351990dcf07e
  dotenv: 16.0.1
  monaco-editor: 0.34.0
  monaco-textmate: 3.0.1
  split.js: 1.6.5

devDependencies:
  esbuild: 0.15.5
  typescript: 4.7.4

packages:

  /@esbuild/linux-loong64/0.15.5:
    resolution: {integrity: sha512-UHkDFCfSGTuXq08oQltXxSZmH1TXyWsL+4QhZDWvvLl6mEJQqk3u7/wq1LjhrrAXYIllaTtRSzUXl4Olkf2J8A==}
    engines: {node: '>=12'}
    cpu: [loong64]
    os: [linux]
    requiresBuild: true
    dev: true
    optional: true

  /@monaco-editor/loader/1.3.2_monaco-editor@0.34.0:
    resolution: {integrity: sha512-BTDbpHl3e47r3AAtpfVFTlAi7WXv4UQ/xZmz8atKl4q7epQV5e7+JbigFDViWF71VBi4IIBdcWP57Hj+OWuc9g==}
    peerDependencies:
      monaco-editor: '>= 0.21.0 < 1'
    dependencies:
      monaco-editor: 0.34.0
      state-local: 1.0.7
    dev: false

  /@types/bootstrap-datepicker/0.0.14:
    resolution: {integrity: sha512-ZBwEUuwYpehEHWtkaIDl55N3F6dPz6xEsoPW5esCZdtuhuZdNC/ebFV2n48kATcY5S2HD3V0O5/J8nuEgVk9fQ==}
    dependencies:
      '@types/jquery': 3.5.14
    dev: false

  /@types/bootstrap/3.4.0:
    resolution: {integrity: sha512-LS05hVAAsX86qbHg7W+ydwBlNHrVCoFw6wEP3/uW4eYmRXl08bWmPeN/+onM+8qZTFfDgUlG/OItJI8SW972oQ==}
    dependencies:
      '@types/jquery': 3.5.14
    dev: false

  /@types/datatables.net/1.10.23:
    resolution: {integrity: sha512-ja1tk7IEk6HxzBygIO6x6VbEPRB4nJuAlOvvvQzM/EWNVik8HdMByKw5pVqxCWmprSwKE9G0b6H8VcWMnkT64Q==}
    dependencies:
      '@types/jquery': 3.5.14
    dev: false

  /@types/ion-rangeslider/2.3.0:
    resolution: {integrity: sha512-u1k2Ekfg7E/ByCrtqtMk98g3QMXnMyIjCKU397YfjhWnTrms2BteoTanMqe0MJ1zyBBiP6+bwbc7P4cU+RiL+w==}
    dev: false

  /@types/jquery/3.5.14:
    resolution: {integrity: sha512-X1gtMRMbziVQkErhTQmSe2jFwwENA/Zr+PprCkF63vFq+Yt5PZ4AlKqgmeNlwgn7dhsXEK888eIW2520EpC+xg==}
    dependencies:
      '@types/sizzle': 2.3.3
    dev: false

  /@types/selectize/0.12.34:
    resolution: {integrity: sha512-OAXHsgsHBMJBHnB6QrFlHVa0+gCE5lgjdpwJDlJLRhrcsM4I2VXrm2vsG00//Rpdm4XgnX17vrBpjHlWOk1ALw==}
    dev: false

  /@types/sizzle/2.3.3:
    resolution: {integrity: sha512-JYM8x9EGF163bEyhdJBpR2QX1R5naCJHC8ucJylJ3w9/CVBaskdQ8WqBf8MmQrd1kRvp/a4TS8HJ+bxzR7ZJYQ==}
    dev: false

  /dotenv/16.0.1:
    resolution: {integrity: sha512-1K6hR6wtk2FviQ4kEiSjFiH5rpzEVi8WW0x96aztHVMhEspNpc4DVOUTEHtEva5VThQ8IaBX1Pe4gSzpVVUsKQ==}
    engines: {node: '>=12'}
    dev: false

  /esbuild-android-64/0.15.5:
    resolution: {integrity: sha512-dYPPkiGNskvZqmIK29OPxolyY3tp+c47+Fsc2WYSOVjEPWNCHNyqhtFqQadcXMJDQt8eN0NMDukbyQgFcHquXg==}
    engines: {node: '>=12'}
    cpu: [x64]
    os: [android]
    requiresBuild: true
    dev: true
    optional: true

  /esbuild-android-arm64/0.15.5:
    resolution: {integrity: sha512-YyEkaQl08ze3cBzI/4Cm1S+rVh8HMOpCdq8B78JLbNFHhzi4NixVN93xDrHZLztlocEYqi45rHHCgA8kZFidFg==}
    engines: {node: '>=12'}
    cpu: [arm64]
    os: [android]
    requiresBuild: true
    dev: true
    optional: true

  /esbuild-darwin-64/0.15.5:
    resolution: {integrity: sha512-Cr0iIqnWKx3ZTvDUAzG0H/u9dWjLE4c2gTtRLz4pqOBGjfjqdcZSfAObFzKTInLLSmD0ZV1I/mshhPoYSBMMCQ==}
    engines: {node: '>=12'}
    cpu: [x64]
    os: [darwin]
    requiresBuild: true
    dev: true
    optional: true

  /esbuild-darwin-arm64/0.15.5:
    resolution: {integrity: sha512-WIfQkocGtFrz7vCu44ypY5YmiFXpsxvz2xqwe688jFfSVCnUsCn2qkEVDo7gT8EpsLOz1J/OmqjExePL1dr1Kg==}
    engines: {node: '>=12'}
    cpu: [arm64]
    os: [darwin]
    requiresBuild: true
    dev: true
    optional: true

  /esbuild-freebsd-64/0.15.5:
    resolution: {integrity: sha512-M5/EfzV2RsMd/wqwR18CELcenZ8+fFxQAAEO7TJKDmP3knhWSbD72ILzrXFMMwshlPAS1ShCZ90jsxkm+8FlaA==}
    engines: {node: '>=12'}
    cpu: [x64]
    os: [freebsd]
    requiresBuild: true
    dev: true
    optional: true

  /esbuild-freebsd-arm64/0.15.5:
    resolution: {integrity: sha512-2JQQ5Qs9J0440F/n/aUBNvY6lTo4XP/4lt1TwDfHuo0DY3w5++anw+jTjfouLzbJmFFiwmX7SmUhMnysocx96w==}
    engines: {node: '>=12'}
    cpu: [arm64]
    os: [freebsd]
    requiresBuild: true
    dev: true
    optional: true

  /esbuild-linux-32/0.15.5:
    resolution: {integrity: sha512-gO9vNnIN0FTUGjvTFucIXtBSr1Woymmx/aHQtuU+2OllGU6YFLs99960UD4Dib1kFovVgs59MTXwpFdVoSMZoQ==}
    engines: {node: '>=12'}
    cpu: [ia32]
    os: [linux]
    requiresBuild: true
    dev: true
    optional: true

  /esbuild-linux-64/0.15.5:
    resolution: {integrity: sha512-ne0GFdNLsm4veXbTnYAWjbx3shpNKZJUd6XpNbKNUZaNllDZfYQt0/zRqOg0sc7O8GQ+PjSMv9IpIEULXVTVmg==}
    engines: {node: '>=12'}
    cpu: [x64]
    os: [linux]
    requiresBuild: true
    dev: true
    optional: true

  /esbuild-linux-arm/0.15.5:
    resolution: {integrity: sha512-wvAoHEN+gJ/22gnvhZnS/+2H14HyAxM07m59RSLn3iXrQsdS518jnEWRBnJz3fR6BJa+VUTo0NxYjGaNt7RA7Q==}
    engines: {node: '>=12'}
    cpu: [arm]
    os: [linux]
    requiresBuild: true
    dev: true
    optional: true

  /esbuild-linux-arm64/0.15.5:
    resolution: {integrity: sha512-7EgFyP2zjO065XTfdCxiXVEk+f83RQ1JsryN1X/VSX2li9rnHAt2swRbpoz5Vlrl6qjHrCmq5b6yxD13z6RheA==}
    engines: {node: '>=12'}
    cpu: [arm64]
    os: [linux]
    requiresBuild: true
    dev: true
    optional: true

  /esbuild-linux-mips64le/0.15.5:
    resolution: {integrity: sha512-KdnSkHxWrJ6Y40ABu+ipTZeRhFtc8dowGyFsZY5prsmMSr1ZTG9zQawguN4/tunJ0wy3+kD54GaGwdcpwWAvZQ==}
    engines: {node: '>=12'}
    cpu: [mips64el]
    os: [linux]
    requiresBuild: true
    dev: true
    optional: true

  /esbuild-linux-ppc64le/0.15.5:
    resolution: {integrity: sha512-QdRHGeZ2ykl5P0KRmfGBZIHmqcwIsUKWmmpZTOq573jRWwmpfRmS7xOhmDHBj9pxv+6qRMH8tLr2fe+ZKQvCYw==}
    engines: {node: '>=12'}
    cpu: [ppc64]
    os: [linux]
    requiresBuild: true
    dev: true
    optional: true

  /esbuild-linux-riscv64/0.15.5:
    resolution: {integrity: sha512-p+WE6RX+jNILsf+exR29DwgV6B73khEQV0qWUbzxaycxawZ8NE0wA6HnnTxbiw5f4Gx9sJDUBemh9v49lKOORA==}
    engines: {node: '>=12'}
    cpu: [riscv64]
    os: [linux]
    requiresBuild: true
    dev: true
    optional: true

  /esbuild-linux-s390x/0.15.5:
    resolution: {integrity: sha512-J2ngOB4cNzmqLHh6TYMM/ips8aoZIuzxJnDdWutBw5482jGXiOzsPoEF4j2WJ2mGnm7FBCO4StGcwzOgic70JQ==}
    engines: {node: '>=12'}
    cpu: [s390x]
    os: [linux]
    requiresBuild: true
    dev: true
    optional: true

  /esbuild-netbsd-64/0.15.5:
    resolution: {integrity: sha512-MmKUYGDizYjFia0Rwt8oOgmiFH7zaYlsoQ3tIOfPxOqLssAsEgG0MUdRDm5lliqjiuoog8LyDu9srQk5YwWF3w==}
    engines: {node: '>=12'}
    cpu: [x64]
    os: [netbsd]
    requiresBuild: true
    dev: true
    optional: true

  /esbuild-openbsd-64/0.15.5:
    resolution: {integrity: sha512-2mMFfkLk3oPWfopA9Plj4hyhqHNuGyp5KQyTT9Rc8hFd8wAn5ZrbJg+gNcLMo2yzf8Uiu0RT6G9B15YN9WQyMA==}
    engines: {node: '>=12'}
    cpu: [x64]
    os: [openbsd]
    requiresBuild: true
    dev: true
    optional: true

  /esbuild-sunos-64/0.15.5:
    resolution: {integrity: sha512-2sIzhMUfLNoD+rdmV6AacilCHSxZIoGAU2oT7XmJ0lXcZWnCvCtObvO6D4puxX9YRE97GodciRGDLBaiC6x1SA==}
    engines: {node: '>=12'}
    cpu: [x64]
    os: [sunos]
    requiresBuild: true
    dev: true
    optional: true

  /esbuild-windows-32/0.15.5:
    resolution: {integrity: sha512-e+duNED9UBop7Vnlap6XKedA/53lIi12xv2ebeNS4gFmu7aKyTrok7DPIZyU5w/ftHD4MUDs5PJUkQPP9xJRzg==}
    engines: {node: '>=12'}
    cpu: [ia32]
    os: [win32]
    requiresBuild: true
    dev: true
    optional: true

  /esbuild-windows-64/0.15.5:
    resolution: {integrity: sha512-v+PjvNtSASHOjPDMIai9Yi+aP+Vwox+3WVdg2JB8N9aivJ7lyhp4NVU+J0MV2OkWFPnVO8AE/7xH+72ibUUEnw==}
    engines: {node: '>=12'}
    cpu: [x64]
    os: [win32]
    requiresBuild: true
    dev: true
    optional: true

  /esbuild-windows-arm64/0.15.5:
    resolution: {integrity: sha512-Yz8w/D8CUPYstvVQujByu6mlf48lKmXkq6bkeSZZxTA626efQOJb26aDGLzmFWx6eg/FwrXgt6SZs9V8Pwy/aA==}
    engines: {node: '>=12'}
    cpu: [arm64]
    os: [win32]
    requiresBuild: true
    dev: true
    optional: true

  /esbuild/0.15.5:
    resolution: {integrity: sha512-VSf6S1QVqvxfIsSKb3UKr3VhUCis7wgDbtF4Vd9z84UJr05/Sp2fRKmzC+CSPG/dNAPPJZ0BTBLTT1Fhd6N9Gg==}
    engines: {node: '>=12'}
    hasBin: true
    requiresBuild: true
    optionalDependencies:
      '@esbuild/linux-loong64': 0.15.5
      esbuild-android-64: 0.15.5
      esbuild-android-arm64: 0.15.5
      esbuild-darwin-64: 0.15.5
      esbuild-darwin-arm64: 0.15.5
      esbuild-freebsd-64: 0.15.5
      esbuild-freebsd-arm64: 0.15.5
      esbuild-linux-32: 0.15.5
      esbuild-linux-64: 0.15.5
      esbuild-linux-arm: 0.15.5
      esbuild-linux-arm64: 0.15.5
      esbuild-linux-mips64le: 0.15.5
      esbuild-linux-ppc64le: 0.15.5
      esbuild-linux-riscv64: 0.15.5
      esbuild-linux-s390x: 0.15.5
      esbuild-netbsd-64: 0.15.5
      esbuild-openbsd-64: 0.15.5
      esbuild-sunos-64: 0.15.5
      esbuild-windows-32: 0.15.5
      esbuild-windows-64: 0.15.5
      esbuild-windows-arm64: 0.15.5
    dev: true

  /fast-plist/0.1.2:
    resolution: {integrity: sha512-2HxzrqJhmMoxVzARjYFvkzkL2dCBB8sogU5sD8gqcZWv5UCivK9/cXM9KIPDRwU+eD3mbRDN/GhW8bO/4dtMfg==}
    dev: false

  /monaco-editor/0.34.0:
    resolution: {integrity: sha512-VF+S5zG8wxfinLKLrWcl4WUizMx+LeJrG4PM/M78OhcwocpV0jiyhX/pG6Q9jIOhrb/ckYi6nHnaR5OojlOZCQ==}
    dev: false

  /monaco-textmate/3.0.1:
    resolution: {integrity: sha512-ZxxY3OsqUczYP1sGqo97tu+CJmMBwuSW+dL0WEBdDhOZ5G1zntw72hvBc68ZQAirosWvbDKgN1dL5k173QtFww==}
    peerDependencies:
      onigasm: ^2.0.0
    dependencies:
      fast-plist: 0.1.2
    dev: false

  /split.js/1.6.5:
    resolution: {integrity: sha512-mPTnGCiS/RiuTNsVhCm9De9cCAUsrNFFviRbADdKiiV+Kk8HKp/0fWu7Kr8pi3/yBmsqLFHuXGT9UUZ+CNLwFw==}
    dev: false

  /state-local/1.0.7:
    resolution: {integrity: sha512-HTEHMNieakEnoe33shBYcZ7NX83ACUjCu8c40iOGEZsngj9zRnkqS9j1pqQPXwobB0ZcVTk27REb7COQ0UR59w==}
    dev: false

  /typescript/4.7.4:
    resolution: {integrity: sha512-C0WQT0gezHuw6AdY1M2jxUO83Rjf0HP7Sk1DtXj6j1EwkQNZrHAg2XPWlq62oqEhYvONq5pkC2Y9oPljWToLmQ==}
    engines: {node: '>=4.2.0'}
    hasBin: true
    dev: true

  github.com/rstudio/shiny/23e80a7a1ab4a5a7125f8da6add9351990dcf07e:
    resolution: {tarball: https://codeload.github.com/rstudio/shiny/tar.gz/23e80a7a1ab4a5a7125f8da6add9351990dcf07e}
    name: '@types/rstudio-shiny'
    version: 1.7.0
    engines: {node: '>= 14', yarn: '>= 1.22'}
    prepare: true
    requiresBuild: true
    dependencies:
      '@types/bootstrap': 3.4.0
      '@types/bootstrap-datepicker': 0.0.14
      '@types/datatables.net': 1.10.23
      '@types/ion-rangeslider': 2.3.0
      '@types/jquery': link:patch:@types/jquery@3.5.5#./srcts/patch/types-jquery.patch
      '@types/selectize': 0.12.34
    dev: false
